
Microsoft Visual Studio Solution File, Format Version 12.00
# Visual Studio 15
VisualStudioVersion = 15.0.28307.572
MinimumVisualStudioVersion = 10.0.40219.1
Project("{FAE04EC0-301F-11D3-BF4B-00C04F79EFBC}") = "CRUD", "CRUD\CRUD.csproj", "{5AD6EA06-1E08-4069-A9CF-BC389BFF7EE4}"
EndProject
Global
	GlobalSection(SolutionConfigurationPlatforms) = preSolution
		Debug|Any CPU = Debug|Any CPU
		Release|Any CPU = Release|Any CPU
	EndGlobalSection
	GlobalSection(ProjectConfigurationPlatforms) = postSolution
		{5AD6EA06-1E08-4069-A9CF-BC389BFF7EE4}.Debug|Any CPU.ActiveCfg = Debug|Any CPU
		{5AD6EA06-1E08-4069-A9CF-BC389BFF7EE4}.Debug|Any CPU.Build.0 = Debug|Any CPU
		{5AD6EA06-1E08-4069-A9CF-BC389BFF7EE4}.Release|Any CPU.ActiveCfg = Release|Any CPU
		{5AD6EA06-1E08-4069-A9CF-BC389BFF7EE4}.Release|Any CPU.Build.0 = Release|Any CPU
	EndGlobalSection
	GlobalSection(SolutionProperties) = preSolution
		HideSolutionNode = FALSE
	EndGlobalSection
	GlobalSection(ExtensibilityGlobals) = postSolution
		SolutionGuid = {A33AF725-D290-4817-8C19-4F7DA155870A}
	EndGlobalSection
EndGlobal
